<?xml version="1.0" encoding="utf-8"?>
<Project ToolsVersion="4.0" xmlns="http://schemas.microsoft.com/developer/msbuild/2003">
  <ItemGroup>
    <Filter Include="源文件">
      <UniqueIdentifier>{4FC737F1-C7A5-4376-A066-2A32D752A2FF}</UniqueIdentifier>
      <Extensions>cpp;c;cc;cxx;def;odl;idl;hpj;bat;asm;asmx</Extensions>
    </Filter>
    <Filter Include="头文件">
      <UniqueIdentifier>{93995380-89BD-4b04-88EB-625FBE52EBFB}</UniqueIdentifier>
      <Extensions>h;hh;hpp;hxx;hm;inl;inc;xsd</Extensions>
    </Filter>
    <Filter Include="资源文件">
      <UniqueIdentifier>{67DA6AB6-F800-4c08-8B7A-83BB121AAD01}</UniqueIdentifier>
      <Extensions>rc;ico;cur;bmp;dlg;rc2;rct;bin;rgs;gif;jpg;jpeg;jpe;resx;tiff;tif;png;wav;mfcribbon-ms</Extensions>
    </Filter>
    <Filter Include="sift">
      <UniqueIdentifier>{74d17d92-44ae-4263-9885-4d8a287ab111}</UniqueIdentifier>
    </Filter>
  </ItemGroup>
  <ItemGroup>
    <ClCompile Include="..\sift\minpq.c">
      <Filter>sift</Filter>
    </ClCompile>
    <ClCompile Include="..\sift\sift.c">
      <Filter>sift</Filter>
    </ClCompile>
    <ClCompile Include="..\sift\utils.c">
      <Filter>sift</Filter>
    </ClCompile>
    <ClCompile Include="..\sift\xform.c">
      <Filter>sift</Filter>
    </ClCompile>
    <ClCompile Include="..\sift\imgfeatures.c">
      <Filter>sift</Filter>
    </ClCompile>
    <ClCompile Include="..\sift\kdtree.c">
      <Filter>sift</Filter>
    </ClCompile>
    <ClCompile Include="..\sift\getopt.c">
      <Filter>sift</Filter>
    </ClCompile>
    <ClCompile Include="red_area_count.cpp">
      <Filter>源文件</Filter>
    </ClCompile>
    <ClCompile Include="main.cpp">
      <Filter>源文件</Filter>
    </ClCompile>
    <ClCompile Include="car_detector.cpp">
      <Filter>源文件</Filter>
    </ClCompile>
    <ClCompile Include="..\sift\match.c">
      <Filter>sift</Filter>
    </ClCompile>
    <ClCompile Include="mystitcher.cpp">
      <Filter>源文件</Filter>
    </ClCompile>
    <ClCompile Include="toushelv.cpp">
      <Filter>源文件</Filter>
    </ClCompile>
    <ClCompile Include="opengl.cpp">
      <Filter>源文件</Filter>
    </ClCompile>
    <ClCompile Include="estimate_Density.cpp">
      <Filter>源文件</Filter>
    </ClCompile>
    <ClCompile Include="randomWalk.cpp">
      <Filter>源文件</Filter>
    </ClCompile>
  </ItemGroup>
  <ItemGroup>
    <ClInclude Include="..\sift\minpq.h">
      <Filter>sift</Filter>
    </ClInclude>
    <ClInclude Include="..\sift\sift.h">
      <Filter>sift</Filter>
    </ClInclude>
    <ClInclude Include="..\sift\utils.h">
      <Filter>sift</Filter>
    </ClInclude>
    <ClInclude Include="..\sift\xform.h">
      <Filter>sift</Filter>
    </ClInclude>
    <ClInclude Include="..\sift\imgfeatures.h">
      <Filter>sift</Filter>
    </ClInclude>
    <ClInclude Include="..\sift\kdtree.h">
      <Filter>sift</Filter>
    </ClInclude>
    <ClInclude Include="..\sift\dirent.h">
      <Filter>sift</Filter>
    </ClInclude>
    <ClInclude Include="..\sift\unistd.h">
      <Filter>sift</Filter>
    </ClInclude>
    <ClInclude Include="..\sift\getopt.h">
      <Filter>sift</Filter>
    </ClInclude>
  </ItemGroup>
</Project>